
Microsoft Visual Studio Solution File, Format Version 12.00
# Visual Studio Version 16
VisualStudioVersion = 16.0.31205.134
MinimumVisualStudioVersion = 10.0.40219.1
Project("{FAE04EC0-301F-11D3-BF4B-00C04F79EFBC}") = "TextToHex", "TextToHex\TextToHex.csproj", "{CBF16318-5B78-470C-8D2D-39A2A862122C}"
EndProject
Global
	GlobalSection(SolutionConfigurationPlatforms) = preSolution
		Debug|Any CPU = Debug|Any CPU
		Release|Any CPU = Release|Any CPU
	EndGlobalSection
	GlobalSection(ProjectConfigurationPlatforms) = postSolution
		{CBF16318-5B78-470C-8D2D-39A2A862122C}.Debug|Any CPU.ActiveCfg = Debug|Any CPU
		{CBF16318-5B78-470C-8D2D-39A2A862122C}.Debug|Any CPU.Build.0 = Debug|Any CPU
		{CBF16318-5B78-470C-8D2D-39A2A862122C}.Release|Any CPU.ActiveCfg = Release|Any CPU
		{CBF16318-5B78-470C-8D2D-39A2A862122C}.Release|Any CPU.Build.0 = Release|Any CPU
	EndGlobalSection
	GlobalSection(SolutionProperties) = preSolution
		HideSolutionNode = FALSE
	EndGlobalSection
	GlobalSection(ExtensibilityGlobals) = postSolution
		SolutionGuid = {A7A38567-EAC0-4B67-B414-A5CE09C15889}
	EndGlobalSection
EndGlobal
